
Microsoft Visual Studio Solution File, Format Version 12.00
# Visual Studio Version 17
VisualStudioVersion = 17.8.34330.188
MinimumVisualStudioVersion = 10.0.40219.1
Project("{9A19103F-16F7-4668-BE54-9A1E7A4F7556}") = "FabToolKit", "FabToolKit\FabToolKit.csproj", "{A2859A9F-F9BE-461C-A16C-643920B1666A}"
EndProject
Project("{9A19103F-16F7-4668-BE54-9A1E7A4F7556}") = "ConsoleTester", "ConsoleTester\ConsoleTester.csproj", "{C1A48E25-F4E6-42F9-B703-E97751617921}"
EndProject
Global
	GlobalSection(SolutionConfigurationPlatforms) = preSolution
		Debug|Any CPU = Debug|Any CPU
		Release|Any CPU = Release|Any CPU
	EndGlobalSection
	GlobalSection(ProjectConfigurationPlatforms) = postSolution
		{A2859A9F-F9BE-461C-A16C-643920B1666A}.Debug|Any CPU.ActiveCfg = Debug|Any CPU
		{A2859A9F-F9BE-461C-A16C-643920B1666A}.Debug|Any CPU.Build.0 = Debug|Any CPU
		{A2859A9F-F9BE-461C-A16C-643920B1666A}.Release|Any CPU.ActiveCfg = Release|Any CPU
		{A2859A9F-F9BE-461C-A16C-643920B1666A}.Release|Any CPU.Build.0 = Release|Any CPU
		{C1A48E25-F4E6-42F9-B703-E97751617921}.Debug|Any CPU.ActiveCfg = Debug|Any CPU
		{C1A48E25-F4E6-42F9-B703-E97751617921}.Debug|Any CPU.Build.0 = Debug|Any CPU
		{C1A48E25-F4E6-42F9-B703-E97751617921}.Release|Any CPU.ActiveCfg = Release|Any CPU
		{C1A48E25-F4E6-42F9-B703-E97751617921}.Release|Any CPU.Build.0 = Release|Any CPU
	EndGlobalSection
	GlobalSection(SolutionProperties) = preSolution
		HideSolutionNode = FALSE
	EndGlobalSection
	GlobalSection(ExtensibilityGlobals) = postSolution
		SolutionGuid = {5AF6D64C-DBA3-4AB6-ADF8-F2D430514484}
	EndGlobalSection
EndGlobal
